
Microsoft Visual Studio Solution File, Format Version 12.00
# Visual Studio Version 17
VisualStudioVersion = 17.4.33213.308
MinimumVisualStudioVersion = 10.0.40219.1
Project("{FAE04EC0-301F-11D3-BF4B-00C04F79EFBC}") = "HomeBudget_TeamNull_WPF", "HomeBudget_TeamNull_WPF\HomeBudget_TeamNull_WPF.csproj", "{C111FDFD-38F0-4888-935E-6879EC65C2FF}"
EndProject
Global
	GlobalSection(SolutionConfigurationPlatforms) = preSolution
		Debug|Any CPU = Debug|Any CPU
		Release|Any CPU = Release|Any CPU
	EndGlobalSection
	GlobalSection(ProjectConfigurationPlatforms) = postSolution
		{C111FDFD-38F0-4888-935E-6879EC65C2FF}.Debug|Any CPU.ActiveCfg = Debug|Any CPU
		{C111FDFD-38F0-4888-935E-6879EC65C2FF}.Debug|Any CPU.Build.0 = Debug|Any CPU
		{C111FDFD-38F0-4888-935E-6879EC65C2FF}.Release|Any CPU.ActiveCfg = Release|Any CPU
		{C111FDFD-38F0-4888-935E-6879EC65C2FF}.Release|Any CPU.Build.0 = Release|Any CPU
	EndGlobalSection
	GlobalSection(SolutionProperties) = preSolution
		HideSolutionNode = FALSE
	EndGlobalSection
	GlobalSection(ExtensibilityGlobals) = postSolution
		SolutionGuid = {D50A70EC-933F-4AD2-9B9D-3DD695857811}
	EndGlobalSection
EndGlobal
